// !$*UTF8*$!
{
	archiveVersion = 1;
	classes = {
	};
	objectVersion = 46;
	objects = {

/* Begin PBXBuildFile section */
		9AF7DD6A1E0A932E00B66822 /* AppDelegate.swift in Sources */ = {isa = PBXBuildFile; fileRef = 9AF7DD691E0A932E00B66822 /* AppDelegate.swift */; };
		9AF7DD6C1E0A932E00B66822 /* ViewController.swift in Sources */ = {isa = PBXBuildFile; fileRef = 9AF7DD6B1E0A932E00B66822 /* ViewController.swift */; };
		9AF7DD6F1E0A932E00B66822 /* Main.storyboard in Resources */ = {isa = PBXBuildFile; fileRef = 9AF7DD6D1E0A932E00B66822 /* Main.storyboard */; };
		9AF7DD711E0A932E00B66822 /* Assets.xcassets in Resources */ = {isa = PBXBuildFile; fileRef = 9AF7DD701E0A932E00B66822 /* Assets.xcassets */; };
		9AF7DD741E0A932E00B66822 /* LaunchScreen.storyboard in Resources */ = {isa = PBXBuildFile; fileRef = 9AF7DD721E0A932E00B66822 /* LaunchScreen.storyboard */; };
/* End PBXBuildFile section */

/* Begin PBXFileReference section */
		9AF7DD661E0A932E00B66822 /* Primo.app */ = {isa = PBXFileReference; explicitFileType = wrapper.application; includeInIndex = 0; path = Primo.app; sourceTree = BUILT_PRODUCTS_DIR; };
		9AF7DD691E0A932E00B66822 /* AppDelegate.swift */ = {isa = PBXFileReference; lastKnownFileType = sourcecode.swift; path = AppDelegate.swift; sourceTree = "<group>"; };
		9AF7DD6B1E0A932E00B66822 /* ViewController.swift */ = {isa = PBXFileReference; lastKnownFileType = sourcecode.swift; path = ViewController.swift; sourceTree = "<group>"; };
		9AF7DD6E1E0A932E00B66822 /* Base */ = {isa = PBXFileReference; lastKnownFileType = file.storyboard; name = Base; path = Base.lproj/Main.storyboard; sourceTree = "<group>"; };
		9AF7DD701E0A932E00B66822 /* Assets.xcassets */ = {isa = PBXFileReference; lastKnownFileType = folder.assetcatalog; path = Assets.xcassets; sourceTree = "<group>"; };
		9AF7DD731E0A932E00B66822 /* Base */ = {isa = PBXFileReference; lastKnownFileType = file.storyboard; name = Base; path = Base.lproj/LaunchScreen.storyboard; sourceTree = "<group>"; };
		9AF7DD751E0A932E00B66822 /* Info.plist */ = {isa = PBXFileReference; lastKnownFileType = text.plist.xml; path = Info.plist; sourceTree = "<group>"; };
/* End PBXFileReference section */

/* Begin PBXFrameworksBuildPhase section */
		9AF7DD631E0A932E00B66822 /* Frameworks */ = {
			isa = PBXFrameworksBuildPhase;
			buildActionMask = 2147483647;
			files = (
			);
			runOnlyForDeploymentPostprocessing = 0;
		};
/* End PBXFrameworksBuildPhase section */

/* Begin PBXGroup section */
		9AF7DD5D1E0A932E00B66822 = {
			isa = PBXGroup;
			children = (
				9AF7DD681E0A932E00B66822 /* Primo */,
				9AF7DD671E0A932E00B66822 /* Products */,
			);
			sourceTree = "<group>";
		};
		9AF7DD671E0A932E00B66822 /* Products */ = {
			isa = PBXGroup;
			children = (
				9AF7DD661E0A932E00B66822 /* Primo.app */,
			);
			name = Products;
			sourceTree = "<group>";
		};
		9AF7DD681E0A932E00B66822 /* Primo */ = {
			isa = PBXGroup;
			children = (
				9AF7DD691E0A932E00B66822 /* AppDelegate.swift */,
				9AF7DD6B1E0A932E00B66822 /* ViewController.swift */,
				9AF7DD6D1E0A932E00B66822 /* Main.storyboard */,
				9AF7DD701E0A932E00B66822 /* Assets.xcassets */,
				9AF7DD721E0A932E00B66822 /* LaunchScreen.storyboard */,
				9AF7DD751E0A932E00B66822 /* Info.plist */,
			);
			path = Primo;
			sourceTree = "<group>";
		};
/* End PBXGroup section */

/* Begin PBXNativeTarget section */
		9AF7DD651E0A932E00B66822 /* Primo */ = {
			isa = PBXNativeTarget;
			buildConfigurationList = 9AF7DD781E0A932E00B66822 /* Build configuration list for PBXNativeTarget "Primo" */;
			buildPhases = (
				9AF7DD621E0A932E00B66822 /* Sources */,
				9AF7DD631E0A932E00B66822 /* Frameworks */,
				9AF7DD641E0A932E00B66822 /* Resources */,
			);
			buildRules = (
			);
			dependencies = (
			);
			name = Primo;
			productName = Primo;
			productReference = 9AF7DD661E0A932E00B66822 /* Primo.app */;
			productType = "com.apple.product-type.application";
		};
/* End PBXNativeTarget section */

/* Begin PBXProject section */
		9AF7DD5E1E0A932E00B66822 /* Project object */ = {
			isa = PBXProject;
			attributes = {
				LastSwiftUpdateCheck = 0810;
				LastUpgradeCheck = 0810;
				ORGANIZATIONNAME = "Chalee Pin-klay";
				TargetAttributes = {
					9AF7DD651E0A932E00B66822 = {
						CreatedOnToolsVersion = 8.1;
						ProvisioningStyle = Automatic;
					};
				};
			};
			buildConfigurationList = 9AF7DD611E0A932E00B66822 /* Build configuration list for PBXProject "Primo" */;
			compatibilityVersion = "Xcode 3.2";
			developmentRegion = English;
			hasScannedForEncodings = 0;
			knownRegions = (
				en,
				Base,
			);
			mainGroup = 9AF7DD5D1E0A932E00B66822;
			productRefGroup = 9AF7DD671E0A932E00B66822 /* Products */;
			projectDirPath = "";
			projectRoot = "";
			targets = (
				9AF7DD651E0A932E00B66822 /* Primo */,
			);
		};
/* End PBXProject section */

/* Begin PBXResourcesBuildPhase section */
		9AF7DD641E0A932E00B66822 /* Resources */ = {
			isa = PBXResourcesBuildPhase;
			buildActionMask = 2147483647;
			files = (
				9AF7DD741E0A932E00B66822 /* LaunchScreen.storyboard in Resources */,
				9AF7DD711E0A932E00B66822 /* Assets.xcassets in Resources */,
				9AF7DD6F1E0A932E00B66822 /* Main.storyboard in Resources */,
			);
			runOnlyForDeploymentPostprocessing = 0;
		};
/* End PBXResourcesBuildPhase section */

/* Begin PBXSourcesBuildPhase section */
		9AF7DD621E0A932E00B66822 /* Sources */ = {
			isa = PBXSourcesBuildPhase;
			buildActionMask = 2147483647;
			files = (
				9AF7DD6C1E0A932E00B66822 /* ViewController.swift in Sources */,
				9AF7DD6A1E0A932E00B66822 /* AppDelegate.swift in Sources */,
			);
			runOnlyForDeploymentPostprocessing = 0;
		};
/* End PBXSourcesBuildPhase section */

/* Begin PBXVariantGroup section */
		9AF7DD6D1E0A932E00B66822 /* Main.storyboard */ = {
			isa = PBXVariantGroup;
			children = (
				9AF7DD6E1E0A932E00B66822 /* Base */,
			);
			name = Main.storyboard;
			sourceTree = "<group>";
		};
		9AF7DD721E0A932E00B66822 /* LaunchScreen.storyboard */ = {
			isa = PBXVariantGroup;
			children = (
				9AF7DD731E0A932E00B66822 /* Base */,
			);
			name = LaunchScreen.storyboard;
			sourceTree = "<group>";
		};
/* End PBXVariantGroup section */

/* Begin XCBuildConfiguration section */
		9AF7DD761E0A932E00B66822 /* Debug */ = {
			isa = XCBuildConfiguration;
			buildSettings = {
				ALWAYS_SEARCH_USER_PATHS = NO;
				CLANG_ANALYZER_NONNULL = YES;
				CLANG_CXX_LANGUAGE_STANDARD = "gnu++0x";
				CLANG_CXX_LIBRARY = "libc++";
				CLANG_ENABLE_MODULES = YES;
				CLANG_ENABLE_OBJC_ARC = YES;
				CLANG_WARN_BOOL_CONVERSION = YES;
				CLANG_WARN_CONSTANT_CONVERSION = YES;
				CLANG_WARN_DIRECT_OBJC_ISA_USAGE = YES_ERROR;
				CLANG_WARN_DOCUMENTATION_COMMENTS = YES;
				CLANG_WARN_EMPTY_BODY = YES;
				CLANG_WARN_ENUM_CONVERSION = YES;
				CLANG_WARN_INFINITE_RECURSION = YES;
				CLANG_WARN_INT_CONVERSION = YES;
				CLANG_WARN_OBJC_ROOT_CLASS = YES_ERROR;
				CLANG_WARN_SUSPICIOUS_MOVES = YES;
				CLANG_WARN_UNREACHABLE_CODE = YES;
				CLANG_WARN__DUPLICATE_METHOD_MATCH = YES;
				"CODE_SIGN_IDENTITY[sdk=iphoneos*]" = "iPhone Developer";
				COPY_PHASE_STRIP = NO;
				DEBUG_INFORMATION_FORMAT = dwarf;
				ENABLE_STRICT_OBJC_MSGSEND = YES;
				ENABLE_TESTABILITY = YES;
				GCC_C_LANGUAGE_STANDARD = gnu99;
				GCC_DYNAMIC_NO_PIC = NO;
				GCC_NO_COMMON_BLOCKS = YES;
				GCC_OPTIMIZATION_LEVEL = 0;
				GCC_PREPROCESSOR_DEFINITIONS = (
					"DEBUG=1",
					"$(inherited)",
				);
				GCC_WARN_64_TO_32_BIT_CONVERSION = YES;
				GCC_WARN_ABOUT_RETURN_TYPE = YES_ERROR;
				GCC_WARN_UNDECLARED_SELECTOR = YES;
				GCC_WARN_UNINITIALIZED_AUTOS = YES_AGGRESSIVE;
				GCC_WARN_UNUSED_FUNCTION = YES;
				GCC_WARN_UNUSED_VARIABLE = YES;
				IPHONEOS_DEPLOYMENT_TARGET = 10.1;
				MTL_ENABLE_DEBUG_INFO = YES;
				ONLY_ACTIVE_ARCH = YES;
				SDKROOT = iphoneos;
				SWIFT_ACTIVE_COMPILATION_CONDITIONS = DEBUG;
				SWIFT_OPTIMIZATION_LEVEL = "-Onone";
				TARGETED_DEVICE_FAMILY = "1,2";
			};
			name = Debug;
		};
		9AF7DD771E0A932E00B66822 /* Release */ = {
			isa = XCBuildConfiguration;
			buildSettings = {
				ALWAYS_SEARCH_USER_PATHS = NO;
				CLANG_ANALYZER_NONNULL = YES;
				CLANG_CXX_LANGUAGE_STANDARD = "gnu++0x";
				CLANG_CXX_LIBRARY = "libc++";
				CLANG_ENABLE_MODULES = YES;
				CLANG_ENABLE_OBJC_ARC = YES;
				CLANG_WARN_BOOL_CONVERSION = YES;
				CLANG_WARN_CONSTANT_CONVERSION = YES;
				CLANG_WARN_DIRECT_OBJC_ISA_USAGE = YES_ERROR;
				CLANG_WARN_DOCUMENTATION_COMMENTS = YES;
				CLANG_WARN_EMPTY_BODY = YES;
				CLANG_WARN_ENUM_CONVERSION = YES;
				CLANG_WARN_INFINITE_RECURSION = YES;
				CLANG_WARN_INT_CONVERSION = YES;
				CLANG_WARN_OBJC_ROOT_CLASS = YES_ERROR;
				CLANG_WARN_SUSPICIOUS_MOVES = YES;
				CLANG_WARN_UNREACHABLE_CODE = YES;
				CLANG_WARN__DUPLICATE_METHOD_MATCH = YES;
				"CODE_SIGN_IDENTITY[sdk=iphoneos*]" = "iPhone Developer";
				COPY_PHASE_STRIP = NO;
				DEBUG_INFORMATION_FORMAT = "dwarf-with-dsym";
				ENABLE_NS_ASSERTIONS = NO;
				ENABLE_STRICT_OBJC_MSGSEND = YES;
				GCC_C_LANGUAGE_STANDARD = gnu99;
				GCC_NO_COMMON_BLOCKS = YES;
				GCC_WARN_64_TO_32_BIT_CONVERSION = YES;
				GCC_WARN_ABOUT_RETURN_TYPE = YES_ERROR;
				GCC_WARN_UNDECLARED_SELECTOR = YES;
				GCC_WARN_UNINITIALIZED_AUTOS = YES_AGGRESSIVE;
				GCC_WARN_UNUSED_FUNCTION = YES;
				GCC_WARN_UNUSED_VARIABLE = YES;
				IPHONEOS_DEPLOYMENT_TARGET = 10.1;
				MTL_ENABLE_DEBUG_INFO = NO;
				SDKROOT = iphoneos;
				SWIFT_OPTIMIZATION_LEVEL = "-Owholemodule";
				TARGETED_DEVICE_FAMILY = "1,2";
				VALIDATE_PRODUCT = YES;
			};
			name = Release;
		};
		9AF7DD791E0A932E00B66822 /* Debug */ = {
			isa = XCBuildConfiguration;
			buildSettings = {
				ASSETCATALOG_COMPILER_APPICON_NAME = AppIcon;
				INFOPLIST_FILE = Primo/Info.plist;
				LD_RUNPATH_SEARCH_PATHS = "$(inherited) @executable_path/Frameworks";
				PRODUCT_BUNDLE_IDENTIFIER = com.synze.Primo;
				PRODUCT_NAME = "$(TARGET_NAME)";
				SWIFT_VERSION = 3.0;
			};
			name = Debug;
		};
		9AF7DD7A1E0A932E00B66822 /* Release */ = {
			isa = XCBuildConfiguration;
			buildSettings = {
				ASSETCATALOG_COMPILER_APPICON_NAME = AppIcon;
				INFOPLIST_FILE = Primo/Info.plist;
				LD_RUNPATH_SEARCH_PATHS = "$(inherited) @executable_path/Frameworks";
				PRODUCT_BUNDLE_IDENTIFIER = com.synze.Primo;
				PRODUCT_NAME = "$(TARGET_NAME)";
				SWIFT_VERSION = 3.0;
			};
			name = Release;
		};
/* End XCBuildConfiguration section */

/* Begin XCConfigurationList section */
		9AF7DD611E0A932E00B66822 /* Build configuration list for PBXProject "Primo" */ = {
			isa = XCConfigurationList;
			buildConfigurations = (
				9AF7DD761E0A932E00B66822 /* Debug */,
				9AF7DD771E0A932E00B66822 /* Release */,
			);
			defaultConfigurationIsVisible = 0;
			defaultConfigurationName = Release;
		};
		9AF7DD781E0A932E00B66822 /* Build configuration list for PBXNativeTarget "Primo" */ = {
			isa = XCConfigurationList;
			buildConfigurations = (
				9AF7DD791E0A932E00B66822 /* Debug */,
				9AF7DD7A1E0A932E00B66822 /* Release */,
			);
			defaultConfigurationIsVisible = 0;
		};
/* End XCConfigurationList section */
	};
	rootObject = 9AF7DD5E1E0A932E00B66822 /* Project object */;
}
